{
  "name": "cardex-js-compat",
  "version": "0.0.0",
  "lockfileVersion": 2,
  "requires": true,
  "packages": {
    "": {
      "name": "cardex-js-compat",
      "version": "0.0.0",
      "license": "Apache-2.0 OR MIT",
      "dependencies": {
        "@ipld/car": "^5.1.1",
        "cardex": "file:../../",
        "sade": "^1.8.1"
      }
    },
    "../../..": {
      "version": "0.0.0",
      "extraneous": true,
      "license": "Apache-2.0 OR MIT",
      "dependencies": {
        "multiformats": "^9.6.5",
        "uint8arrays": "^3.0.0",
        "varint": "^6.0.0"
      },
      "devDependencies": {
        "@ipld/car": "^4.1.3",
        "ava": "^4.2.0",
        "buffer": "^6.0.3",
        "standard": "^17.0.0"
      }
    },
    "node_modules/@ipld/car": {
      "version": "5.1.1",
      "resolved": "https://registry.npmjs.org/@ipld/car/-/car-5.1.1.tgz",
      "integrity": "sha512-HoFTUqUJL9cPGhC9qRmHCvamfIsj1JllQSQ/Xu9/KN/VNJp8To9Ms4qiZPEMOwcrNFclfYqrahjGYbf4KL/d9A==",
      "dependencies": {
        "@ipld/dag-cbor": "^9.0.0",
        "cborg": "^1.9.0",
        "multiformats": "^11.0.0",
        "varint": "^6.0.0"
      },
      "engines": {
        "node": ">=16.0.0",
        "npm": ">=7.0.0"
      }
    },
    "node_modules/@ipld/dag-cbor": {
      "version": "9.0.1",
      "resolved": "https://registry.npmjs.org/@ipld/dag-cbor/-/dag-cbor-9.0.1.tgz",
      "integrity": "sha512-tImDka4akO7cuD24+nRLOU1kYXoai3VZ1cMeWCFUzwhKrRXyOLfVd9RZGI6aTsE/PYvHmkFobKvTeK9NPVtajA==",
      "dependencies": {
        "cborg": "^1.10.0",
        "multiformats": "^11.0.0"
      },
      "engines": {
        "node": ">=16.0.0",
        "npm": ">=7.0.0"
      }
    },
    "node_modules/cardex": {
      "version": "1.0.1",
      "resolved": "file:../..",
      "license": "Apache-2.0 OR MIT",
      "dependencies": {
        "@ipld/car": "^5.1.0",
        "multiformats": "^11.0.2",
        "sade": "^1.8.1",
        "uint8arrays": "^4.0.3",
        "varint": "^6.0.0"
      },
      "bin": {
        "cardex": "src/bin.js"
      }
    },
    "node_modules/cborg": {
      "version": "1.10.2",
      "resolved": "https://registry.npmjs.org/cborg/-/cborg-1.10.2.tgz",
      "integrity": "sha512-b3tFPA9pUr2zCUiCfRd2+wok2/LBSNUMKOuRRok+WlvvAgEt/PlbgPTsZUcwCOs53IJvLgTp0eotwtosE6njug==",
      "bin": {
        "cborg": "cli.js"
      }
    },
    "node_modules/mri": {
      "version": "1.2.0",
      "resolved": "https://registry.npmjs.org/mri/-/mri-1.2.0.tgz",
      "integrity": "sha512-tzzskb3bG8LvYGFF/mDTpq3jpI6Q9wc3LEmBaghu+DdCssd1FakN7Bc0hVNmEyGq1bq3RgfkCb3cmQLpNPOroA==",
      "engines": {
        "node": ">=4"
      }
    },
    "node_modules/multiformats": {
      "version": "11.0.2",
      "resolved": "https://registry.npmjs.org/multiformats/-/multiformats-11.0.2.tgz",
      "integrity": "sha512-b5mYMkOkARIuVZCpvijFj9a6m5wMVLC7cf/jIPd5D/ARDOfLC5+IFkbgDXQgcU2goIsTD/O9NY4DI/Mt4OGvlg==",
      "engines": {
        "node": ">=16.0.0",
        "npm": ">=7.0.0"
      }
    },
    "node_modules/sade": {
      "version": "1.8.1",
      "resolved": "https://registry.npmjs.org/sade/-/sade-1.8.1.tgz",
      "integrity": "sha512-xal3CZX1Xlo/k4ApwCFrHVACi9fBqJ7V+mwhBsuf/1IOKbBy098Fex+Wa/5QMubw09pSZ/u8EY8PWgevJsXp1A==",
      "dependencies": {
        "mri": "^1.1.0"
      },
      "engines": {
        "node": ">=6"
      }
    },
    "node_modules/uint8arrays": {
      "version": "4.0.3",
      "resolved": "https://registry.npmjs.org/uint8arrays/-/uint8arrays-4.0.3.tgz",
      "integrity": "sha512-b+aKlI2oTnxnfeSQWV1sMacqSNxqhtXySaH6bflvONGxF8V/fT3ZlYH7z2qgGfydsvpVo4JUgM/Ylyfl2YouCg==",
      "dependencies": {
        "multiformats": "^11.0.0"
      },
      "engines": {
        "node": ">=16.0.0",
        "npm": ">=7.0.0"
      }
    },
    "node_modules/varint": {
      "version": "6.0.0",
      "resolved": "https://registry.npmjs.org/varint/-/varint-6.0.0.tgz",
      "integrity": "sha512-cXEIW6cfr15lFv563k4GuVuW/fiwjknytD37jIOLSdSWuOI6WnO/oKwmP2FQTU2l01LP8/M5TSAJpzUaGe3uWg=="
    }
  },
  "dependencies": {
    "@ipld/car": {
      "version": "5.1.1",
      "resolved": "https://registry.npmjs.org/@ipld/car/-/car-5.1.1.tgz",
      "integrity": "sha512-HoFTUqUJL9cPGhC9qRmHCvamfIsj1JllQSQ/Xu9/KN/VNJp8To9Ms4qiZPEMOwcrNFclfYqrahjGYbf4KL/d9A==",
      "requires": {
        "@ipld/dag-cbor": "^9.0.0",
        "cborg": "^1.9.0",
        "multiformats": "^11.0.0",
        "varint": "^6.0.0"
      }
    },
    "@ipld/dag-cbor": {
      "version": "9.0.1",
      "resolved": "https://registry.npmjs.org/@ipld/dag-cbor/-/dag-cbor-9.0.1.tgz",
      "integrity": "sha512-tImDka4akO7cuD24+nRLOU1kYXoai3VZ1cMeWCFUzwhKrRXyOLfVd9RZGI6aTsE/PYvHmkFobKvTeK9NPVtajA==",
      "requires": {
        "cborg": "^1.10.0",
        "multiformats": "^11.0.0"
      }
    },
    "cardex": {
      "version": "1.0.1",
      "requires": {
        "@ipld/car": "^5.1.0",
        "multiformats": "^11.0.2",
        "sade": "^1.8.1",
        "uint8arrays": "^4.0.3",
        "varint": "^6.0.0"
      }
    },
    "cborg": {
      "version": "1.10.2",
      "resolved": "https://registry.npmjs.org/cborg/-/cborg-1.10.2.tgz",
      "integrity": "sha512-b3tFPA9pUr2zCUiCfRd2+wok2/LBSNUMKOuRRok+WlvvAgEt/PlbgPTsZUcwCOs53IJvLgTp0eotwtosE6njug=="
    },
    "mri": {
      "version": "1.2.0",
      "resolved": "https://registry.npmjs.org/mri/-/mri-1.2.0.tgz",
      "integrity": "sha512-tzzskb3bG8LvYGFF/mDTpq3jpI6Q9wc3LEmBaghu+DdCssd1FakN7Bc0hVNmEyGq1bq3RgfkCb3cmQLpNPOroA=="
    },
    "multiformats": {
      "version": "11.0.2",
      "resolved": "https://registry.npmjs.org/multiformats/-/multiformats-11.0.2.tgz",
      "integrity": "sha512-b5mYMkOkARIuVZCpvijFj9a6m5wMVLC7cf/jIPd5D/ARDOfLC5+IFkbgDXQgcU2goIsTD/O9NY4DI/Mt4OGvlg=="
    },
    "sade": {
      "version": "1.8.1",
      "resolved": "https://registry.npmjs.org/sade/-/sade-1.8.1.tgz",
      "integrity": "sha512-xal3CZX1Xlo/k4ApwCFrHVACi9fBqJ7V+mwhBsuf/1IOKbBy098Fex+Wa/5QMubw09pSZ/u8EY8PWgevJsXp1A==",
      "requires": {
        "mri": "^1.1.0"
      }
    },
    "uint8arrays": {
      "version": "4.0.3",
      "resolved": "https://registry.npmjs.org/uint8arrays/-/uint8arrays-4.0.3.tgz",
      "integrity": "sha512-b+aKlI2oTnxnfeSQWV1sMacqSNxqhtXySaH6bflvONGxF8V/fT3ZlYH7z2qgGfydsvpVo4JUgM/Ylyfl2YouCg==",
      "requires": {
        "multiformats": "^11.0.0"
      }
    },
    "varint": {
      "version": "6.0.0",
      "resolved": "https://registry.npmjs.org/varint/-/varint-6.0.0.tgz",
      "integrity": "sha512-cXEIW6cfr15lFv563k4GuVuW/fiwjknytD37jIOLSdSWuOI6WnO/oKwmP2FQTU2l01LP8/M5TSAJpzUaGe3uWg=="
    }
  }
}
