{
  "name": "cardex-js-compat",
  "version": "0.0.0",
  "lockfileVersion": 2,
  "requires": true,
  "packages": {
    "": {
      "name": "cardex-js-compat",
      "version": "0.0.0",
      "license": "Apache-2.0 OR MIT",
      "dependencies": {
        "@ipld/car": "^4.1.3",
        "cardex": "file:../../",
        "sade": "^1.8.1"
      }
    },
    "../..": {
      "version": "0.0.0",
      "license": "Apache-2.0 OR MIT",
      "dependencies": {
        "multiformats": "^9.6.5",
        "uint8arrays": "^3.0.0",
        "varint": "^6.0.0"
      },
      "devDependencies": {
        "@ipld/car": "^4.1.3",
        "@types/varint": "^6.0.0",
        "ava": "^4.2.0",
        "buffer": "^6.0.3",
        "ipjs": "^5.2.0",
        "standard": "^17.0.0",
        "typescript": "^4.7.2"
      }
    },
    "../../..": {
      "version": "0.0.0",
      "license": "Apache-2.0 OR MIT",
      "dependencies": {
        "multiformats": "^9.6.5",
        "uint8arrays": "^3.0.0",
        "varint": "^6.0.0"
      },
      "devDependencies": {
        "@ipld/car": "^4.1.3",
        "ava": "^4.2.0",
        "buffer": "^6.0.3",
        "standard": "^17.0.0"
      }
    },
    "node_modules/@ipld/car": {
      "version": "4.1.3",
      "resolved": "https://registry.npmjs.org/@ipld/car/-/car-4.1.3.tgz",
      "integrity": "sha512-m1dIx3IRHN57cRtodFfOgvPGlF9wl4nGPLt6HzJQupusP0A0eHcYNH1dbe+0t25aStSFHWkAoGa7rUWqdFscNA==",
      "dependencies": {
        "@ipld/dag-cbor": "^7.0.0",
        "cborg": "^1.9.0",
        "multiformats": "^9.5.4",
        "varint": "^6.0.0"
      }
    },
    "node_modules/@ipld/dag-cbor": {
      "version": "7.0.2",
      "resolved": "https://registry.npmjs.org/@ipld/dag-cbor/-/dag-cbor-7.0.2.tgz",
      "integrity": "sha512-V9EhJVWXqzjjRs0kiZfUXOaq8y6R2C4AAmfGoMeszqGOBgfACr5tFAgAwZY0e8z/OpmJWpCrZhzPRTZV0c/gjA==",
      "dependencies": {
        "cborg": "^1.6.0",
        "multiformats": "^9.5.4"
      }
    },
    "node_modules/cardex": {
      "resolved": "../..",
      "link": true
    },
    "node_modules/cborg": {
      "version": "1.9.4",
      "resolved": "https://registry.npmjs.org/cborg/-/cborg-1.9.4.tgz",
      "integrity": "sha512-ltobKo17xKYJolhg8UxQhvzcqXhjtUnovwe9Xx59Izo32gLwozGoJs/efp+8dZ5+zu9pNJYnHtmp6iJnDUapww==",
      "bin": {
        "cborg": "cli.js"
      }
    },
    "node_modules/mri": {
      "version": "1.2.0",
      "resolved": "https://registry.npmjs.org/mri/-/mri-1.2.0.tgz",
      "integrity": "sha512-tzzskb3bG8LvYGFF/mDTpq3jpI6Q9wc3LEmBaghu+DdCssd1FakN7Bc0hVNmEyGq1bq3RgfkCb3cmQLpNPOroA==",
      "engines": {
        "node": ">=4"
      }
    },
    "node_modules/multiformats": {
      "version": "9.6.5",
      "resolved": "https://registry.npmjs.org/multiformats/-/multiformats-9.6.5.tgz",
      "integrity": "sha512-vMwf/FUO+qAPvl3vlSZEgEVFY/AxeZq5yg761ScF3CZsXgmTi/HGkicUiNN0CI4PW8FiY2P0OLklOcmQjdQJhw=="
    },
    "node_modules/sade": {
      "version": "1.8.1",
      "resolved": "https://registry.npmjs.org/sade/-/sade-1.8.1.tgz",
      "integrity": "sha512-xal3CZX1Xlo/k4ApwCFrHVACi9fBqJ7V+mwhBsuf/1IOKbBy098Fex+Wa/5QMubw09pSZ/u8EY8PWgevJsXp1A==",
      "dependencies": {
        "mri": "^1.1.0"
      },
      "engines": {
        "node": ">=6"
      }
    },
    "node_modules/varint": {
      "version": "6.0.0",
      "resolved": "https://registry.npmjs.org/varint/-/varint-6.0.0.tgz",
      "integrity": "sha512-cXEIW6cfr15lFv563k4GuVuW/fiwjknytD37jIOLSdSWuOI6WnO/oKwmP2FQTU2l01LP8/M5TSAJpzUaGe3uWg=="
    }
  },
  "dependencies": {
    "@ipld/car": {
      "version": "4.1.3",
      "resolved": "https://registry.npmjs.org/@ipld/car/-/car-4.1.3.tgz",
      "integrity": "sha512-m1dIx3IRHN57cRtodFfOgvPGlF9wl4nGPLt6HzJQupusP0A0eHcYNH1dbe+0t25aStSFHWkAoGa7rUWqdFscNA==",
      "requires": {
        "@ipld/dag-cbor": "^7.0.0",
        "cborg": "^1.9.0",
        "multiformats": "^9.5.4",
        "varint": "^6.0.0"
      }
    },
    "@ipld/dag-cbor": {
      "version": "7.0.2",
      "resolved": "https://registry.npmjs.org/@ipld/dag-cbor/-/dag-cbor-7.0.2.tgz",
      "integrity": "sha512-V9EhJVWXqzjjRs0kiZfUXOaq8y6R2C4AAmfGoMeszqGOBgfACr5tFAgAwZY0e8z/OpmJWpCrZhzPRTZV0c/gjA==",
      "requires": {
        "cborg": "^1.6.0",
        "multiformats": "^9.5.4"
      }
    },
    "cardex": {
      "version": "file:../..",
      "requires": {
        "@ipld/car": "^4.1.3",
        "@types/varint": "^6.0.0",
        "ava": "^4.2.0",
        "buffer": "^6.0.3",
        "ipjs": "^5.2.0",
        "multiformats": "^9.6.5",
        "standard": "^17.0.0",
        "typescript": "^4.7.2",
        "uint8arrays": "^3.0.0",
        "varint": "^6.0.0"
      }
    },
    "cborg": {
      "version": "1.9.4",
      "resolved": "https://registry.npmjs.org/cborg/-/cborg-1.9.4.tgz",
      "integrity": "sha512-ltobKo17xKYJolhg8UxQhvzcqXhjtUnovwe9Xx59Izo32gLwozGoJs/efp+8dZ5+zu9pNJYnHtmp6iJnDUapww=="
    },
    "mri": {
      "version": "1.2.0",
      "resolved": "https://registry.npmjs.org/mri/-/mri-1.2.0.tgz",
      "integrity": "sha512-tzzskb3bG8LvYGFF/mDTpq3jpI6Q9wc3LEmBaghu+DdCssd1FakN7Bc0hVNmEyGq1bq3RgfkCb3cmQLpNPOroA=="
    },
    "multiformats": {
      "version": "9.6.5",
      "resolved": "https://registry.npmjs.org/multiformats/-/multiformats-9.6.5.tgz",
      "integrity": "sha512-vMwf/FUO+qAPvl3vlSZEgEVFY/AxeZq5yg761ScF3CZsXgmTi/HGkicUiNN0CI4PW8FiY2P0OLklOcmQjdQJhw=="
    },
    "sade": {
      "version": "1.8.1",
      "resolved": "https://registry.npmjs.org/sade/-/sade-1.8.1.tgz",
      "integrity": "sha512-xal3CZX1Xlo/k4ApwCFrHVACi9fBqJ7V+mwhBsuf/1IOKbBy098Fex+Wa/5QMubw09pSZ/u8EY8PWgevJsXp1A==",
      "requires": {
        "mri": "^1.1.0"
      }
    },
    "varint": {
      "version": "6.0.0",
      "resolved": "https://registry.npmjs.org/varint/-/varint-6.0.0.tgz",
      "integrity": "sha512-cXEIW6cfr15lFv563k4GuVuW/fiwjknytD37jIOLSdSWuOI6WnO/oKwmP2FQTU2l01LP8/M5TSAJpzUaGe3uWg=="
    }
  }
}
